// !$*UTF8*$!
{
	archiveVersion = 1;
	classes = {
	};
	objectVersion = 55;
	objects = {

/* Begin PBXBuildFile section */
		6B2D06DD291A75B40023E353 /* AppDelegate.swift in Sources */ = {isa = PBXBuildFile; fileRef = 6B2D06DC291A75B40023E353 /* AppDelegate.swift */; };
		6B2D06DF291A75B40023E353 /* SceneDelegate.swift in Sources */ = {isa = PBXBuildFile; fileRef = 6B2D06DE291A75B40023E353 /* SceneDelegate.swift */; };
		6B2D06E1291A75B40023E353 /* MainTabBarViewController.swift in Sources */ = {isa = PBXBuildFile; fileRef = 6B2D06E0291A75B40023E353 /* MainTabBarViewController.swift */; };
		6B2D06E6291A75B70023E353 /* Assets.xcassets in Resources */ = {isa = PBXBuildFile; fileRef = 6B2D06E5291A75B70023E353 /* Assets.xcassets */; };
		6B2D06E9291A75B70023E353 /* LaunchScreen.storyboard in Resources */ = {isa = PBXBuildFile; fileRef = 6B2D06E7291A75B70023E353 /* LaunchScreen.storyboard */; };
		6B2D06F2291A9AA70023E353 /* HomeViewController.swift in Sources */ = {isa = PBXBuildFile; fileRef = 6B2D06F1291A9AA70023E353 /* HomeViewController.swift */; };
		6B2D06F4291A9B1E0023E353 /* UpcomingViewController.swift in Sources */ = {isa = PBXBuildFile; fileRef = 6B2D06F3291A9B1E0023E353 /* UpcomingViewController.swift */; };
		6B2D06F6291A9B9B0023E353 /* SearchViewController.swift in Sources */ = {isa = PBXBuildFile; fileRef = 6B2D06F5291A9B9B0023E353 /* SearchViewController.swift */; };
		6B2D06F8291A9C550023E353 /* DownloadsViewController.swift in Sources */ = {isa = PBXBuildFile; fileRef = 6B2D06F7291A9C550023E353 /* DownloadsViewController.swift */; };
		6B2D06FF291AB3C10023E353 /* CollectionViewTableViewCell.swift in Sources */ = {isa = PBXBuildFile; fileRef = 6B2D06FE291AB3C10023E353 /* CollectionViewTableViewCell.swift */; };
		6B5321AB291B364C00DAF7EC /* HeroHeaderUIView.swift in Sources */ = {isa = PBXBuildFile; fileRef = 6B5321AA291B364C00DAF7EC /* HeroHeaderUIView.swift */; };
		6B5321AD291D574200DAF7EC /* ApiCaller.swift in Sources */ = {isa = PBXBuildFile; fileRef = 6B5321AC291D574200DAF7EC /* ApiCaller.swift */; };
		6B5321AF291D6F5C00DAF7EC /* Movie.swift in Sources */ = {isa = PBXBuildFile; fileRef = 6B5321AE291D6F5C00DAF7EC /* Movie.swift */; };
/* End PBXBuildFile section */

/* Begin PBXFileReference section */
		6B2D06D9291A75B40023E353 /* Netflix Clone.app */ = {isa = PBXFileReference; explicitFileType = wrapper.application; includeInIndex = 0; path = "Netflix Clone.app"; sourceTree = BUILT_PRODUCTS_DIR; };
		6B2D06DC291A75B40023E353 /* AppDelegate.swift */ = {isa = PBXFileReference; lastKnownFileType = sourcecode.swift; path = AppDelegate.swift; sourceTree = "<group>"; };
		6B2D06DE291A75B40023E353 /* SceneDelegate.swift */ = {isa = PBXFileReference; lastKnownFileType = sourcecode.swift; path = SceneDelegate.swift; sourceTree = "<group>"; };
		6B2D06E0291A75B40023E353 /* MainTabBarViewController.swift */ = {isa = PBXFileReference; lastKnownFileType = sourcecode.swift; path = MainTabBarViewController.swift; sourceTree = "<group>"; };
		6B2D06E5291A75B70023E353 /* Assets.xcassets */ = {isa = PBXFileReference; lastKnownFileType = folder.assetcatalog; path = Assets.xcassets; sourceTree = "<group>"; };
		6B2D06E8291A75B70023E353 /* Base */ = {isa = PBXFileReference; lastKnownFileType = file.storyboard; name = Base; path = Base.lproj/LaunchScreen.storyboard; sourceTree = "<group>"; };
		6B2D06EA291A75B70023E353 /* Info.plist */ = {isa = PBXFileReference; lastKnownFileType = text.plist.xml; path = Info.plist; sourceTree = "<group>"; };
		6B2D06F1291A9AA70023E353 /* HomeViewController.swift */ = {isa = PBXFileReference; lastKnownFileType = sourcecode.swift; path = HomeViewController.swift; sourceTree = "<group>"; };
		6B2D06F3291A9B1E0023E353 /* UpcomingViewController.swift */ = {isa = PBXFileReference; lastKnownFileType = sourcecode.swift; path = UpcomingViewController.swift; sourceTree = "<group>"; };
		6B2D06F5291A9B9B0023E353 /* SearchViewController.swift */ = {isa = PBXFileReference; lastKnownFileType = sourcecode.swift; path = SearchViewController.swift; sourceTree = "<group>"; };
		6B2D06F7291A9C550023E353 /* DownloadsViewController.swift */ = {isa = PBXFileReference; lastKnownFileType = sourcecode.swift; path = DownloadsViewController.swift; sourceTree = "<group>"; };
		6B2D06FE291AB3C10023E353 /* CollectionViewTableViewCell.swift */ = {isa = PBXFileReference; lastKnownFileType = sourcecode.swift; path = CollectionViewTableViewCell.swift; sourceTree = "<group>"; };
		6B5321AA291B364C00DAF7EC /* HeroHeaderUIView.swift */ = {isa = PBXFileReference; lastKnownFileType = sourcecode.swift; path = HeroHeaderUIView.swift; sourceTree = "<group>"; };
		6B5321AC291D574200DAF7EC /* ApiCaller.swift */ = {isa = PBXFileReference; lastKnownFileType = sourcecode.swift; path = ApiCaller.swift; sourceTree = "<group>"; };
		6B5321AE291D6F5C00DAF7EC /* Movie.swift */ = {isa = PBXFileReference; lastKnownFileType = sourcecode.swift; path = Movie.swift; sourceTree = "<group>"; };
/* End PBXFileReference section */

/* Begin PBXFrameworksBuildPhase section */
		6B2D06D6291A75B40023E353 /* Frameworks */ = {
			isa = PBXFrameworksBuildPhase;
			buildActionMask = 2147483647;
			files = (
			);
			runOnlyForDeploymentPostprocessing = 0;
		};
/* End PBXFrameworksBuildPhase section */

/* Begin PBXGroup section */
		6B2D06D0291A75B40023E353 = {
			isa = PBXGroup;
			children = (
				6B2D06DB291A75B40023E353 /* Netflix Clone */,
				6B2D06DA291A75B40023E353 /* Products */,
			);
			sourceTree = "<group>";
		};
		6B2D06DA291A75B40023E353 /* Products */ = {
			isa = PBXGroup;
			children = (
				6B2D06D9291A75B40023E353 /* Netflix Clone.app */,
			);
			name = Products;
			sourceTree = "<group>";
		};
		6B2D06DB291A75B40023E353 /* Netflix Clone */ = {
			isa = PBXGroup;
			children = (
				6B2D06FD291AB36B0023E353 /* Managers */,
				6B2D06FC291AB35C0023E353 /* Resources */,
				6B2D06FB291AB2F40023E353 /* Models */,
				6B2D06F9291AB2D30023E353 /* VIews */,
				6B2D06FA291AB2DF0023E353 /* ViewsModels */,
				6B2D06F0291A9A4E0023E353 /* Controllers */,
				6B2D06DC291A75B40023E353 /* AppDelegate.swift */,
				6B2D06DE291A75B40023E353 /* SceneDelegate.swift */,
				6B2D06E0291A75B40023E353 /* MainTabBarViewController.swift */,
				6B2D06E5291A75B70023E353 /* Assets.xcassets */,
				6B2D06E7291A75B70023E353 /* LaunchScreen.storyboard */,
				6B2D06EA291A75B70023E353 /* Info.plist */,
			);
			path = "Netflix Clone";
			sourceTree = "<group>";
		};
		6B2D06F0291A9A4E0023E353 /* Controllers */ = {
			isa = PBXGroup;
			children = (
				6B2D06F1291A9AA70023E353 /* HomeViewController.swift */,
				6B2D06F3291A9B1E0023E353 /* UpcomingViewController.swift */,
				6B2D06F5291A9B9B0023E353 /* SearchViewController.swift */,
				6B2D06F7291A9C550023E353 /* DownloadsViewController.swift */,
			);
			path = Controllers;
			sourceTree = "<group>";
		};
		6B2D06F9291AB2D30023E353 /* VIews */ = {
			isa = PBXGroup;
			children = (
				6B2D06FE291AB3C10023E353 /* CollectionViewTableViewCell.swift */,
				6B5321AA291B364C00DAF7EC /* HeroHeaderUIView.swift */,
			);
			path = VIews;
			sourceTree = "<group>";
		};
		6B2D06FA291AB2DF0023E353 /* ViewsModels */ = {
			isa = PBXGroup;
			children = (
			);
			path = ViewsModels;
			sourceTree = "<group>";
		};
		6B2D06FB291AB2F40023E353 /* Models */ = {
			isa = PBXGroup;
			children = (
				6B5321AE291D6F5C00DAF7EC /* Movie.swift */,
			);
			path = Models;
			sourceTree = "<group>";
		};
		6B2D06FC291AB35C0023E353 /* Resources */ = {
			isa = PBXGroup;
			children = (
			);
			path = Resources;
			sourceTree = "<group>";
		};
		6B2D06FD291AB36B0023E353 /* Managers */ = {
			isa = PBXGroup;
			children = (
				6B5321AC291D574200DAF7EC /* ApiCaller.swift */,
			);
			path = Managers;
			sourceTree = "<group>";
		};
/* End PBXGroup section */

/* Begin PBXNativeTarget section */
		6B2D06D8291A75B40023E353 /* Netflix Clone */ = {
			isa = PBXNativeTarget;
			buildConfigurationList = 6B2D06ED291A75B70023E353 /* Build configuration list for PBXNativeTarget "Netflix Clone" */;
			buildPhases = (
				6B2D06D5291A75B40023E353 /* Sources */,
				6B2D06D6291A75B40023E353 /* Frameworks */,
				6B2D06D7291A75B40023E353 /* Resources */,
			);
			buildRules = (
			);
			dependencies = (
			);
			name = "Netflix Clone";
			productName = "Netflix Clone";
			productReference = 6B2D06D9291A75B40023E353 /* Netflix Clone.app */;
			productType = "com.apple.product-type.application";
		};
/* End PBXNativeTarget section */

/* Begin PBXProject section */
		6B2D06D1291A75B40023E353 /* Project object */ = {
			isa = PBXProject;
			attributes = {
				BuildIndependentTargetsInParallel = 1;
				LastSwiftUpdateCheck = 1340;
				LastUpgradeCheck = 1340;
				TargetAttributes = {
					6B2D06D8291A75B40023E353 = {
						CreatedOnToolsVersion = 13.4.1;
					};
				};
			};
			buildConfigurationList = 6B2D06D4291A75B40023E353 /* Build configuration list for PBXProject "Netflix Clone" */;
			compatibilityVersion = "Xcode 13.0";
			developmentRegion = en;
			hasScannedForEncodings = 0;
			knownRegions = (
				en,
				Base,
			);
			mainGroup = 6B2D06D0291A75B40023E353;
			productRefGroup = 6B2D06DA291A75B40023E353 /* Products */;
			projectDirPath = "";
			projectRoot = "";
			targets = (
				6B2D06D8291A75B40023E353 /* Netflix Clone */,
			);
		};
/* End PBXProject section */

/* Begin PBXResourcesBuildPhase section */
		6B2D06D7291A75B40023E353 /* Resources */ = {
			isa = PBXResourcesBuildPhase;
			buildActionMask = 2147483647;
			files = (
				6B2D06E9291A75B70023E353 /* LaunchScreen.storyboard in Resources */,
				6B2D06E6291A75B70023E353 /* Assets.xcassets in Resources */,
			);
			runOnlyForDeploymentPostprocessing = 0;
		};
/* End PBXResourcesBuildPhase section */

/* Begin PBXSourcesBuildPhase section */
		6B2D06D5291A75B40023E353 /* Sources */ = {
			isa = PBXSourcesBuildPhase;
			buildActionMask = 2147483647;
			files = (
				6B2D06F6291A9B9B0023E353 /* SearchViewController.swift in Sources */,
				6B2D06E1291A75B40023E353 /* MainTabBarViewController.swift in Sources */,
				6B2D06FF291AB3C10023E353 /* CollectionViewTableViewCell.swift in Sources */,
				6B5321AB291B364C00DAF7EC /* HeroHeaderUIView.swift in Sources */,
				6B2D06F8291A9C550023E353 /* DownloadsViewController.swift in Sources */,
				6B2D06DD291A75B40023E353 /* AppDelegate.swift in Sources */,
				6B2D06DF291A75B40023E353 /* SceneDelegate.swift in Sources */,
				6B2D06F4291A9B1E0023E353 /* UpcomingViewController.swift in Sources */,
				6B2D06F2291A9AA70023E353 /* HomeViewController.swift in Sources */,
				6B5321AF291D6F5C00DAF7EC /* Movie.swift in Sources */,
				6B5321AD291D574200DAF7EC /* ApiCaller.swift in Sources */,
			);
			runOnlyForDeploymentPostprocessing = 0;
		};
/* End PBXSourcesBuildPhase section */

/* Begin PBXVariantGroup section */
		6B2D06E7291A75B70023E353 /* LaunchScreen.storyboard */ = {
			isa = PBXVariantGroup;
			children = (
				6B2D06E8291A75B70023E353 /* Base */,
			);
			name = LaunchScreen.storyboard;
			sourceTree = "<group>";
		};
/* End PBXVariantGroup section */

/* Begin XCBuildConfiguration section */
		6B2D06EB291A75B70023E353 /* Debug */ = {
			isa = XCBuildConfiguration;
			buildSettings = {
				ALWAYS_SEARCH_USER_PATHS = NO;
				CLANG_ANALYZER_NONNULL = YES;
				CLANG_ANALYZER_NUMBER_OBJECT_CONVERSION = YES_AGGRESSIVE;
				CLANG_CXX_LANGUAGE_STANDARD = "gnu++17";
				CLANG_ENABLE_MODULES = YES;
				CLANG_ENABLE_OBJC_ARC = YES;
				CLANG_ENABLE_OBJC_WEAK = YES;
				CLANG_WARN_BLOCK_CAPTURE_AUTORELEASING = YES;
				CLANG_WARN_BOOL_CONVERSION = YES;
				CLANG_WARN_COMMA = YES;
				CLANG_WARN_CONSTANT_CONVERSION = YES;
				CLANG_WARN_DEPRECATED_OBJC_IMPLEMENTATIONS = YES;
				CLANG_WARN_DIRECT_OBJC_ISA_USAGE = YES_ERROR;
				CLANG_WARN_DOCUMENTATION_COMMENTS = YES;
				CLANG_WARN_EMPTY_BODY = YES;
				CLANG_WARN_ENUM_CONVERSION = YES;
				CLANG_WARN_INFINITE_RECURSION = YES;
				CLANG_WARN_INT_CONVERSION = YES;
				CLANG_WARN_NON_LITERAL_NULL_CONVERSION = YES;
				CLANG_WARN_OBJC_IMPLICIT_RETAIN_SELF = YES;
				CLANG_WARN_OBJC_LITERAL_CONVERSION = YES;
				CLANG_WARN_OBJC_ROOT_CLASS = YES_ERROR;
				CLANG_WARN_QUOTED_INCLUDE_IN_FRAMEWORK_HEADER = YES;
				CLANG_WARN_RANGE_LOOP_ANALYSIS = YES;
				CLANG_WARN_STRICT_PROTOTYPES = YES;
				CLANG_WARN_SUSPICIOUS_MOVE = YES;
				CLANG_WARN_UNGUARDED_AVAILABILITY = YES_AGGRESSIVE;
				CLANG_WARN_UNREACHABLE_CODE = YES;
				CLANG_WARN__DUPLICATE_METHOD_MATCH = YES;
				COPY_PHASE_STRIP = NO;
				DEBUG_INFORMATION_FORMAT = dwarf;
				ENABLE_STRICT_OBJC_MSGSEND = YES;
				ENABLE_TESTABILITY = YES;
				GCC_C_LANGUAGE_STANDARD = gnu11;
				GCC_DYNAMIC_NO_PIC = NO;
				GCC_NO_COMMON_BLOCKS = YES;
				GCC_OPTIMIZATION_LEVEL = 0;
				GCC_PREPROCESSOR_DEFINITIONS = (
					"DEBUG=1",
					"$(inherited)",
				);
				GCC_WARN_64_TO_32_BIT_CONVERSION = YES;
				GCC_WARN_ABOUT_RETURN_TYPE = YES_ERROR;
				GCC_WARN_UNDECLARED_SELECTOR = YES;
				GCC_WARN_UNINITIALIZED_AUTOS = YES_AGGRESSIVE;
				GCC_WARN_UNUSED_FUNCTION = YES;
				GCC_WARN_UNUSED_VARIABLE = YES;
				IPHONEOS_DEPLOYMENT_TARGET = 15.5;
				MTL_ENABLE_DEBUG_INFO = INCLUDE_SOURCE;
				MTL_FAST_MATH = YES;
				ONLY_ACTIVE_ARCH = YES;
				SDKROOT = iphoneos;
				SWIFT_ACTIVE_COMPILATION_CONDITIONS = DEBUG;
				SWIFT_OPTIMIZATION_LEVEL = "-Onone";
			};
			name = Debug;
		};
		6B2D06EC291A75B70023E353 /* Release */ = {
			isa = XCBuildConfiguration;
			buildSettings = {
				ALWAYS_SEARCH_USER_PATHS = NO;
				CLANG_ANALYZER_NONNULL = YES;
				CLANG_ANALYZER_NUMBER_OBJECT_CONVERSION = YES_AGGRESSIVE;
				CLANG_CXX_LANGUAGE_STANDARD = "gnu++17";
				CLANG_ENABLE_MODULES = YES;
				CLANG_ENABLE_OBJC_ARC = YES;
				CLANG_ENABLE_OBJC_WEAK = YES;
				CLANG_WARN_BLOCK_CAPTURE_AUTORELEASING = YES;
				CLANG_WARN_BOOL_CONVERSION = YES;
				CLANG_WARN_COMMA = YES;
				CLANG_WARN_CONSTANT_CONVERSION = YES;
				CLANG_WARN_DEPRECATED_OBJC_IMPLEMENTATIONS = YES;
				CLANG_WARN_DIRECT_OBJC_ISA_USAGE = YES_ERROR;
				CLANG_WARN_DOCUMENTATION_COMMENTS = YES;
				CLANG_WARN_EMPTY_BODY = YES;
				CLANG_WARN_ENUM_CONVERSION = YES;
				CLANG_WARN_INFINITE_RECURSION = YES;
				CLANG_WARN_INT_CONVERSION = YES;
				CLANG_WARN_NON_LITERAL_NULL_CONVERSION = YES;
				CLANG_WARN_OBJC_IMPLICIT_RETAIN_SELF = YES;
				CLANG_WARN_OBJC_LITERAL_CONVERSION = YES;
				CLANG_WARN_OBJC_ROOT_CLASS = YES_ERROR;
				CLANG_WARN_QUOTED_INCLUDE_IN_FRAMEWORK_HEADER = YES;
				CLANG_WARN_RANGE_LOOP_ANALYSIS = YES;
				CLANG_WARN_STRICT_PROTOTYPES = YES;
				CLANG_WARN_SUSPICIOUS_MOVE = YES;
				CLANG_WARN_UNGUARDED_AVAILABILITY = YES_AGGRESSIVE;
				CLANG_WARN_UNREACHABLE_CODE = YES;
				CLANG_WARN__DUPLICATE_METHOD_MATCH = YES;
				COPY_PHASE_STRIP = NO;
				DEBUG_INFORMATION_FORMAT = "dwarf-with-dsym";
				ENABLE_NS_ASSERTIONS = NO;
				ENABLE_STRICT_OBJC_MSGSEND = YES;
				GCC_C_LANGUAGE_STANDARD = gnu11;
				GCC_NO_COMMON_BLOCKS = YES;
				GCC_WARN_64_TO_32_BIT_CONVERSION = YES;
				GCC_WARN_ABOUT_RETURN_TYPE = YES_ERROR;
				GCC_WARN_UNDECLARED_SELECTOR = YES;
				GCC_WARN_UNINITIALIZED_AUTOS = YES_AGGRESSIVE;
				GCC_WARN_UNUSED_FUNCTION = YES;
				GCC_WARN_UNUSED_VARIABLE = YES;
				IPHONEOS_DEPLOYMENT_TARGET = 15.5;
				MTL_ENABLE_DEBUG_INFO = NO;
				MTL_FAST_MATH = YES;
				SDKROOT = iphoneos;
				SWIFT_COMPILATION_MODE = wholemodule;
				SWIFT_OPTIMIZATION_LEVEL = "-O";
				VALIDATE_PRODUCT = YES;
			};
			name = Release;
		};
		6B2D06EE291A75B70023E353 /* Debug */ = {
			isa = XCBuildConfiguration;
			buildSettings = {
				ASSETCATALOG_COMPILER_APPICON_NAME = AppIcon;
				ASSETCATALOG_COMPILER_GLOBAL_ACCENT_COLOR_NAME = AccentColor;
				CODE_SIGN_STYLE = Automatic;
				CURRENT_PROJECT_VERSION = 1;
				DEVELOPMENT_TEAM = C29CY6V7HJ;
				GENERATE_INFOPLIST_FILE = YES;
				INFOPLIST_FILE = "Netflix Clone/Info.plist";
				INFOPLIST_KEY_UIApplicationSupportsIndirectInputEvents = YES;
				INFOPLIST_KEY_UILaunchStoryboardName = LaunchScreen;
				INFOPLIST_KEY_UISupportedInterfaceOrientations_iPad = "UIInterfaceOrientationPortrait UIInterfaceOrientationPortraitUpsideDown UIInterfaceOrientationLandscapeLeft UIInterfaceOrientationLandscapeRight";
				INFOPLIST_KEY_UISupportedInterfaceOrientations_iPhone = "UIInterfaceOrientationPortrait UIInterfaceOrientationLandscapeLeft UIInterfaceOrientationLandscapeRight";
				LD_RUNPATH_SEARCH_PATHS = (
					"$(inherited)",
					"@executable_path/Frameworks",
				);
				MARKETING_VERSION = 1.0;
				PRODUCT_BUNDLE_IDENTIFIER = "thuta.Netflix-Clone";
				PRODUCT_NAME = "$(TARGET_NAME)";
				SWIFT_EMIT_LOC_STRINGS = YES;
				SWIFT_VERSION = 5.0;
				TARGETED_DEVICE_FAMILY = "1,2";
			};
			name = Debug;
		};
		6B2D06EF291A75B70023E353 /* Release */ = {
			isa = XCBuildConfiguration;
			buildSettings = {
				ASSETCATALOG_COMPILER_APPICON_NAME = AppIcon;
				ASSETCATALOG_COMPILER_GLOBAL_ACCENT_COLOR_NAME = AccentColor;
				CODE_SIGN_STYLE = Automatic;
				CURRENT_PROJECT_VERSION = 1;
				DEVELOPMENT_TEAM = C29CY6V7HJ;
				GENERATE_INFOPLIST_FILE = YES;
				INFOPLIST_FILE = "Netflix Clone/Info.plist";
				INFOPLIST_KEY_UIApplicationSupportsIndirectInputEvents = YES;
				INFOPLIST_KEY_UILaunchStoryboardName = LaunchScreen;
				INFOPLIST_KEY_UISupportedInterfaceOrientations_iPad = "UIInterfaceOrientationPortrait UIInterfaceOrientationPortraitUpsideDown UIInterfaceOrientationLandscapeLeft UIInterfaceOrientationLandscapeRight";
				INFOPLIST_KEY_UISupportedInterfaceOrientations_iPhone = "UIInterfaceOrientationPortrait UIInterfaceOrientationLandscapeLeft UIInterfaceOrientationLandscapeRight";
				LD_RUNPATH_SEARCH_PATHS = (
					"$(inherited)",
					"@executable_path/Frameworks",
				);
				MARKETING_VERSION = 1.0;
				PRODUCT_BUNDLE_IDENTIFIER = "thuta.Netflix-Clone";
				PRODUCT_NAME = "$(TARGET_NAME)";
				SWIFT_EMIT_LOC_STRINGS = YES;
				SWIFT_VERSION = 5.0;
				TARGETED_DEVICE_FAMILY = "1,2";
			};
			name = Release;
		};
/* End XCBuildConfiguration section */

/* Begin XCConfigurationList section */
		6B2D06D4291A75B40023E353 /* Build configuration list for PBXProject "Netflix Clone" */ = {
			isa = XCConfigurationList;
			buildConfigurations = (
				6B2D06EB291A75B70023E353 /* Debug */,
				6B2D06EC291A75B70023E353 /* Release */,
			);
			defaultConfigurationIsVisible = 0;
			defaultConfigurationName = Release;
		};
		6B2D06ED291A75B70023E353 /* Build configuration list for PBXNativeTarget "Netflix Clone" */ = {
			isa = XCConfigurationList;
			buildConfigurations = (
				6B2D06EE291A75B70023E353 /* Debug */,
				6B2D06EF291A75B70023E353 /* Release */,
			);
			defaultConfigurationIsVisible = 0;
			defaultConfigurationName = Release;
		};
/* End XCConfigurationList section */
	};
	rootObject = 6B2D06D1291A75B40023E353 /* Project object */;
}
